// !$*UTF8*$!
{
	archiveVersion = 1;
	classes = {
	};
	objectVersion = 46;
	objects = {

/* Begin PBXBuildFile section */
		900724801745D83B00803D25 /* CheckmarkGrey@2x.png in Resources */ = {isa = PBXBuildFile; fileRef = 9007247C1745D83B00803D25 /* CheckmarkGrey@2x.png */; };
		900724811745D83B00803D25 /* CheckmarkGreen.png in Resources */ = {isa = PBXBuildFile; fileRef = 9007247D1745D83B00803D25 /* CheckmarkGreen.png */; };
		900724821745D83B00803D25 /* CheckmarkGreen@2x.png in Resources */ = {isa = PBXBuildFile; fileRef = 9007247E1745D83B00803D25 /* CheckmarkGreen@2x.png */; };
		900724831745D83B00803D25 /* CheckmarkGrey.png in Resources */ = {isa = PBXBuildFile; fileRef = 9007247F1745D83B00803D25 /* CheckmarkGrey.png */; };
		900724861745EDC100803D25 /* CheckmarkProfileImage.png in Resources */ = {isa = PBXBuildFile; fileRef = 900724841745EDC100803D25 /* CheckmarkProfileImage.png */; };
		900724871745EDC100803D25 /* CheckmarkProfileImage@2x.png in Resources */ = {isa = PBXBuildFile; fileRef = 900724851745EDC100803D25 /* CheckmarkProfileImage@2x.png */; };
		9007248C1745F6B200803D25 /* DeleteGrey@2x.png in Resources */ = {isa = PBXBuildFile; fileRef = 900724881745F6B200803D25 /* DeleteGrey@2x.png */; };
		9007248D1745F6B200803D25 /* DeleteRed.png in Resources */ = {isa = PBXBuildFile; fileRef = 900724891745F6B200803D25 /* DeleteRed.png */; };
		9007248E1745F6B200803D25 /* DeleteRed@2x.png in Resources */ = {isa = PBXBuildFile; fileRef = 9007248A1745F6B200803D25 /* DeleteRed@2x.png */; };
		9007248F1745F6B200803D25 /* DeleteGrey.png in Resources */ = {isa = PBXBuildFile; fileRef = 9007248B1745F6B200803D25 /* DeleteGrey.png */; };
		9007249A1746422E00803D25 /* RMMenuBarSliderView.m in Sources */ = {isa = PBXBuildFile; fileRef = 900724941746422E00803D25 /* RMMenuBarSliderView.m */; };
		9007249B1746422E00803D25 /* RMMenuController.m in Sources */ = {isa = PBXBuildFile; fileRef = 900724961746422E00803D25 /* RMMenuController.m */; };
		9007249C1746422E00803D25 /* sliderHandle@2x.png in Resources */ = {isa = PBXBuildFile; fileRef = 900724981746422E00803D25 /* sliderHandle@2x.png */; };
		9007249D1746422E00803D25 /* sliderBar@2x.png in Resources */ = {isa = PBXBuildFile; fileRef = 900724991746422E00803D25 /* sliderBar@2x.png */; };
		900724A0174642BF00803D25 /* FTWButton.m in Sources */ = {isa = PBXBuildFile; fileRef = 9007249F174642BF00803D25 /* FTWButton.m */; };
		900724A3174642DA00803D25 /* SKInnerShadowLayer.m in Sources */ = {isa = PBXBuildFile; fileRef = 900724A2174642DA00803D25 /* SKInnerShadowLayer.m */; };
		900724A61746437C00803D25 /* RMSecondViewController.m in Sources */ = {isa = PBXBuildFile; fileRef = 900724A51746437C00803D25 /* RMSecondViewController.m */; };
		900D15551661ABEC00900B59 /* UIKit.framework in Frameworks */ = {isa = PBXBuildFile; fileRef = 900D15541661ABEC00900B59 /* UIKit.framework */; };
		900D15571661ABEC00900B59 /* Foundation.framework in Frameworks */ = {isa = PBXBuildFile; fileRef = 900D15561661ABEC00900B59 /* Foundation.framework */; };
		900D15591661ABEC00900B59 /* CoreGraphics.framework in Frameworks */ = {isa = PBXBuildFile; fileRef = 900D15581661ABEC00900B59 /* CoreGraphics.framework */; };
		900D155F1661ABEC00900B59 /* InfoPlist.strings in Resources */ = {isa = PBXBuildFile; fileRef = 900D155D1661ABEC00900B59 /* InfoPlist.strings */; };
		900D15611661ABEC00900B59 /* main.m in Sources */ = {isa = PBXBuildFile; fileRef = 900D15601661ABEC00900B59 /* main.m */; };
		900D15651661ABEC00900B59 /* RMAppDelegate.m in Sources */ = {isa = PBXBuildFile; fileRef = 900D15641661ABEC00900B59 /* RMAppDelegate.m */; };
		900D15671661ABEC00900B59 /* Default.png in Resources */ = {isa = PBXBuildFile; fileRef = 900D15661661ABEC00900B59 /* Default.png */; };
		900D15691661ABEC00900B59 /* Default@2x.png in Resources */ = {isa = PBXBuildFile; fileRef = 900D15681661ABEC00900B59 /* Default@2x.png */; };
		900D156B1661ABEC00900B59 /* Default-568h@2x.png in Resources */ = {isa = PBXBuildFile; fileRef = 900D156A1661ABEC00900B59 /* Default-568h@2x.png */; };
		900D15731661AC7B00900B59 /* RMSwipeTableViewController.m in Sources */ = {isa = PBXBuildFile; fileRef = 900D15721661AC7B00900B59 /* RMSwipeTableViewController.m */; };
		900D15761661ACB200900B59 /* RMSwipeTableViewCell.m in Sources */ = {isa = PBXBuildFile; fileRef = 900D15751661ACB200900B59 /* RMSwipeTableViewCell.m */; };
		90B078D21745580600D4E494 /* jaime.png in Resources */ = {isa = PBXBuildFile; fileRef = 90B078C81745580600D4E494 /* jaime.png */; };
		90B078D31745580600D4E494 /* jaime@2x.png in Resources */ = {isa = PBXBuildFile; fileRef = 90B078C91745580600D4E494 /* jaime@2x.png */; };
		90B078D41745580600D4E494 /* joffrey.png in Resources */ = {isa = PBXBuildFile; fileRef = 90B078CA1745580600D4E494 /* joffrey.png */; };
		90B078D51745580600D4E494 /* joffrey@2x.png in Resources */ = {isa = PBXBuildFile; fileRef = 90B078CB1745580600D4E494 /* joffrey@2x.png */; };
		90B078D61745580600D4E494 /* tywin@2x.png in Resources */ = {isa = PBXBuildFile; fileRef = 90B078CC1745580600D4E494 /* tywin@2x.png */; };
		90B078D71745580600D4E494 /* cersei@2x.png in Resources */ = {isa = PBXBuildFile; fileRef = 90B078CD1745580600D4E494 /* cersei@2x.png */; };
		90B078D81745580600D4E494 /* tywin.png in Resources */ = {isa = PBXBuildFile; fileRef = 90B078CE1745580600D4E494 /* tywin.png */; };
		90B078D91745580600D4E494 /* cersei.png in Resources */ = {isa = PBXBuildFile; fileRef = 90B078CF1745580600D4E494 /* cersei.png */; };
		90B078DA1745580600D4E494 /* tyrion@2x.png in Resources */ = {isa = PBXBuildFile; fileRef = 90B078D01745580600D4E494 /* tyrion@2x.png */; };
		90B078DB1745580600D4E494 /* tyrion.png in Resources */ = {isa = PBXBuildFile; fileRef = 90B078D11745580600D4E494 /* tyrion.png */; };
		90B078E2174567DD00D4E494 /* NavBarButton@2x.png in Resources */ = {isa = PBXBuildFile; fileRef = 90B078E0174567DD00D4E494 /* NavBarButton@2x.png */; };
		90B078E3174567DD00D4E494 /* NavBarButtonPressed@2x.png in Resources */ = {isa = PBXBuildFile; fileRef = 90B078E1174567DD00D4E494 /* NavBarButtonPressed@2x.png */; };
		90B078E61745683F00D4E494 /* NavBarButton.png in Resources */ = {isa = PBXBuildFile; fileRef = 90B078E41745683F00D4E494 /* NavBarButton.png */; };
		90B078E71745683F00D4E494 /* NavBarButtonPressed.png in Resources */ = {isa = PBXBuildFile; fileRef = 90B078E51745683F00D4E494 /* NavBarButtonPressed.png */; };
		90B078EA17456CB700D4E494 /* HouseStarkSigil@2x.png in Resources */ = {isa = PBXBuildFile; fileRef = 90B078E817456CB700D4E494 /* HouseStarkSigil@2x.png */; };
		90B078EB17456CB700D4E494 /* HouseStarkSigil.png in Resources */ = {isa = PBXBuildFile; fileRef = 90B078E917456CB700D4E494 /* HouseStarkSigil.png */; };
		90B078EE1745717C00D4E494 /* NavigationBar.png in Resources */ = {isa = PBXBuildFile; fileRef = 90B078EC1745717C00D4E494 /* NavigationBar.png */; };
		90B078EF1745717C00D4E494 /* NavigationBar@2x.png in Resources */ = {isa = PBXBuildFile; fileRef = 90B078ED1745717C00D4E494 /* NavigationBar@2x.png */; };
		90B078F11745779400D4E494 /* QuartzCore.framework in Frameworks */ = {isa = PBXBuildFile; fileRef = 90B078F01745779400D4E494 /* QuartzCore.framework */; };
		90C588961741B24A005E16BB /* RMPersonTableViewCell.m in Sources */ = {isa = PBXBuildFile; fileRef = 90C588951741B24A005E16BB /* RMPersonTableViewCell.m */; };
/* End PBXBuildFile section */

/* Begin PBXFileReference section */
		9007247C1745D83B00803D25 /* CheckmarkGrey@2x.png */ = {isa = PBXFileReference; lastKnownFileType = image.png; path = "CheckmarkGrey@2x.png"; sourceTree = "<group>"; };
		9007247D1745D83B00803D25 /* CheckmarkGreen.png */ = {isa = PBXFileReference; lastKnownFileType = image.png; path = CheckmarkGreen.png; sourceTree = "<group>"; };
		9007247E1745D83B00803D25 /* CheckmarkGreen@2x.png */ = {isa = PBXFileReference; lastKnownFileType = image.png; path = "CheckmarkGreen@2x.png"; sourceTree = "<group>"; };
		9007247F1745D83B00803D25 /* CheckmarkGrey.png */ = {isa = PBXFileReference; lastKnownFileType = image.png; path = CheckmarkGrey.png; sourceTree = "<group>"; };
		900724841745EDC100803D25 /* CheckmarkProfileImage.png */ = {isa = PBXFileReference; lastKnownFileType = image.png; path = CheckmarkProfileImage.png; sourceTree = "<group>"; };
		900724851745EDC100803D25 /* CheckmarkProfileImage@2x.png */ = {isa = PBXFileReference; lastKnownFileType = image.png; path = "CheckmarkProfileImage@2x.png"; sourceTree = "<group>"; };
		900724881745F6B200803D25 /* DeleteGrey@2x.png */ = {isa = PBXFileReference; lastKnownFileType = image.png; path = "DeleteGrey@2x.png"; sourceTree = "<group>"; };
		900724891745F6B200803D25 /* DeleteRed.png */ = {isa = PBXFileReference; lastKnownFileType = image.png; path = DeleteRed.png; sourceTree = "<group>"; };
		9007248A1745F6B200803D25 /* DeleteRed@2x.png */ = {isa = PBXFileReference; lastKnownFileType = image.png; path = "DeleteRed@2x.png"; sourceTree = "<group>"; };
		9007248B1745F6B200803D25 /* DeleteGrey.png */ = {isa = PBXFileReference; lastKnownFileType = image.png; path = DeleteGrey.png; sourceTree = "<group>"; };
		900724941746422E00803D25 /* RMMenuBarSliderView.m */ = {isa = PBXFileReference; fileEncoding = 4; lastKnownFileType = sourcecode.c.objc; path = RMMenuBarSliderView.m; sourceTree = "<group>"; };
		900724951746422E00803D25 /* RMMenuController.h */ = {isa = PBXFileReference; fileEncoding = 4; lastKnownFileType = sourcecode.c.h; path = RMMenuController.h; sourceTree = "<group>"; };
		900724961746422E00803D25 /* RMMenuController.m */ = {isa = PBXFileReference; fileEncoding = 4; lastKnownFileType = sourcecode.c.objc; path = RMMenuController.m; sourceTree = "<group>"; };
		900724971746422E00803D25 /* RMMenuBarSliderView.h */ = {isa = PBXFileReference; fileEncoding = 4; lastKnownFileType = sourcecode.c.h; path = RMMenuBarSliderView.h; sourceTree = "<group>"; };
		900724981746422E00803D25 /* sliderHandle@2x.png */ = {isa = PBXFileReference; lastKnownFileType = image.png; path = "sliderHandle@2x.png"; sourceTree = "<group>"; };
		900724991746422E00803D25 /* sliderBar@2x.png */ = {isa = PBXFileReference; lastKnownFileType = image.png; path = "sliderBar@2x.png"; sourceTree = "<group>"; };
		9007249E174642BF00803D25 /* FTWButton.h */ = {isa = PBXFileReference; fileEncoding = 4; lastKnownFileType = sourcecode.c.h; name = FTWButton.h; path = FTWButton/FTWButton/FTWButton.h; sourceTree = SOURCE_ROOT; };
		9007249F174642BF00803D25 /* FTWButton.m */ = {isa = PBXFileReference; fileEncoding = 4; lastKnownFileType = sourcecode.c.objc; name = FTWButton.m; path = FTWButton/FTWButton/FTWButton.m; sourceTree = SOURCE_ROOT; };
		900724A1174642DA00803D25 /* SKInnerShadowLayer.h */ = {isa = PBXFileReference; fileEncoding = 4; lastKnownFileType = sourcecode.c.h; name = SKInnerShadowLayer.h; path = FTWButton/FTWButton/SKInnerShadowLayer.h; sourceTree = SOURCE_ROOT; };
		900724A2174642DA00803D25 /* SKInnerShadowLayer.m */ = {isa = PBXFileReference; fileEncoding = 4; lastKnownFileType = sourcecode.c.objc; name = SKInnerShadowLayer.m; path = FTWButton/FTWButton/SKInnerShadowLayer.m; sourceTree = SOURCE_ROOT; };
		900724A41746437C00803D25 /* RMSecondViewController.h */ = {isa = PBXFileReference; fileEncoding = 4; lastKnownFileType = sourcecode.c.h; path = RMSecondViewController.h; sourceTree = "<group>"; };
		900724A51746437C00803D25 /* RMSecondViewController.m */ = {isa = PBXFileReference; fileEncoding = 4; lastKnownFileType = sourcecode.c.objc; path = RMSecondViewController.m; sourceTree = "<group>"; };
		900D15501661ABEC00900B59 /* RMSwipeTableView.app */ = {isa = PBXFileReference; explicitFileType = wrapper.application; includeInIndex = 0; path = RMSwipeTableView.app; sourceTree = BUILT_PRODUCTS_DIR; };
		900D15541661ABEC00900B59 /* UIKit.framework */ = {isa = PBXFileReference; lastKnownFileType = wrapper.framework; name = UIKit.framework; path = System/Library/Frameworks/UIKit.framework; sourceTree = SDKROOT; };
		900D15561661ABEC00900B59 /* Foundation.framework */ = {isa = PBXFileReference; lastKnownFileType = wrapper.framework; name = Foundation.framework; path = System/Library/Frameworks/Foundation.framework; sourceTree = SDKROOT; };
		900D15581661ABEC00900B59 /* CoreGraphics.framework */ = {isa = PBXFileReference; lastKnownFileType = wrapper.framework; name = CoreGraphics.framework; path = System/Library/Frameworks/CoreGraphics.framework; sourceTree = SDKROOT; };
		900D155C1661ABEC00900B59 /* RMSwipeTableView-Info.plist */ = {isa = PBXFileReference; lastKnownFileType = text.plist.xml; path = "RMSwipeTableView-Info.plist"; sourceTree = "<group>"; };
		900D155E1661ABEC00900B59 /* en */ = {isa = PBXFileReference; lastKnownFileType = text.plist.strings; name = en; path = en.lproj/InfoPlist.strings; sourceTree = "<group>"; };
		900D15601661ABEC00900B59 /* main.m */ = {isa = PBXFileReference; lastKnownFileType = sourcecode.c.objc; path = main.m; sourceTree = "<group>"; };
		900D15621661ABEC00900B59 /* RMSwipeTableView-Prefix.pch */ = {isa = PBXFileReference; lastKnownFileType = sourcecode.c.h; path = "RMSwipeTableView-Prefix.pch"; sourceTree = "<group>"; };
		900D15631661ABEC00900B59 /* RMAppDelegate.h */ = {isa = PBXFileReference; lastKnownFileType = sourcecode.c.h; path = RMAppDelegate.h; sourceTree = "<group>"; };
		900D15641661ABEC00900B59 /* RMAppDelegate.m */ = {isa = PBXFileReference; lastKnownFileType = sourcecode.c.objc; path = RMAppDelegate.m; sourceTree = "<group>"; };
		900D15661661ABEC00900B59 /* Default.png */ = {isa = PBXFileReference; lastKnownFileType = image.png; path = Default.png; sourceTree = "<group>"; };
		900D15681661ABEC00900B59 /* Default@2x.png */ = {isa = PBXFileReference; lastKnownFileType = image.png; path = "Default@2x.png"; sourceTree = "<group>"; };
		900D156A1661ABEC00900B59 /* Default-568h@2x.png */ = {isa = PBXFileReference; lastKnownFileType = image.png; path = "Default-568h@2x.png"; sourceTree = "<group>"; };
		900D15711661AC7B00900B59 /* RMSwipeTableViewController.h */ = {isa = PBXFileReference; fileEncoding = 4; lastKnownFileType = sourcecode.c.h; path = RMSwipeTableViewController.h; sourceTree = "<group>"; };
		900D15721661AC7B00900B59 /* RMSwipeTableViewController.m */ = {isa = PBXFileReference; fileEncoding = 4; lastKnownFileType = sourcecode.c.objc; path = RMSwipeTableViewController.m; sourceTree = "<group>"; };
		900D15741661ACB200900B59 /* RMSwipeTableViewCell.h */ = {isa = PBXFileReference; fileEncoding = 4; lastKnownFileType = sourcecode.c.h; path = RMSwipeTableViewCell.h; sourceTree = "<group>"; };
		900D15751661ACB200900B59 /* RMSwipeTableViewCell.m */ = {isa = PBXFileReference; fileEncoding = 4; lastKnownFileType = sourcecode.c.objc; path = RMSwipeTableViewCell.m; sourceTree = "<group>"; };
		90B078C81745580600D4E494 /* jaime.png */ = {isa = PBXFileReference; lastKnownFileType = image.png; path = jaime.png; sourceTree = "<group>"; };
		90B078C91745580600D4E494 /* jaime@2x.png */ = {isa = PBXFileReference; lastKnownFileType = image.png; path = "jaime@2x.png"; sourceTree = "<group>"; };
		90B078CA1745580600D4E494 /* joffrey.png */ = {isa = PBXFileReference; lastKnownFileType = image.png; path = joffrey.png; sourceTree = "<group>"; };
		90B078CB1745580600D4E494 /* joffrey@2x.png */ = {isa = PBXFileReference; lastKnownFileType = image.png; path = "joffrey@2x.png"; sourceTree = "<group>"; };
		90B078CC1745580600D4E494 /* tywin@2x.png */ = {isa = PBXFileReference; lastKnownFileType = image.png; path = "tywin@2x.png"; sourceTree = "<group>"; };
		90B078CD1745580600D4E494 /* cersei@2x.png */ = {isa = PBXFileReference; lastKnownFileType = image.png; path = "cersei@2x.png"; sourceTree = "<group>"; };
		90B078CE1745580600D4E494 /* tywin.png */ = {isa = PBXFileReference; lastKnownFileType = image.png; path = tywin.png; sourceTree = "<group>"; };
		90B078CF1745580600D4E494 /* cersei.png */ = {isa = PBXFileReference; lastKnownFileType = image.png; path = cersei.png; sourceTree = "<group>"; };
		90B078D01745580600D4E494 /* tyrion@2x.png */ = {isa = PBXFileReference; lastKnownFileType = image.png; path = "tyrion@2x.png"; sourceTree = "<group>"; };
		90B078D11745580600D4E494 /* tyrion.png */ = {isa = PBXFileReference; lastKnownFileType = image.png; path = tyrion.png; sourceTree = "<group>"; };
		90B078E0174567DD00D4E494 /* NavBarButton@2x.png */ = {isa = PBXFileReference; lastKnownFileType = image.png; path = "NavBarButton@2x.png"; sourceTree = "<group>"; };
		90B078E1174567DD00D4E494 /* NavBarButtonPressed@2x.png */ = {isa = PBXFileReference; lastKnownFileType = image.png; path = "NavBarButtonPressed@2x.png"; sourceTree = "<group>"; };
		90B078E41745683F00D4E494 /* NavBarButton.png */ = {isa = PBXFileReference; lastKnownFileType = image.png; path = NavBarButton.png; sourceTree = "<group>"; };
		90B078E51745683F00D4E494 /* NavBarButtonPressed.png */ = {isa = PBXFileReference; lastKnownFileType = image.png; path = NavBarButtonPressed.png; sourceTree = "<group>"; };
		90B078E817456CB700D4E494 /* HouseStarkSigil@2x.png */ = {isa = PBXFileReference; lastKnownFileType = image.png; path = "HouseStarkSigil@2x.png"; sourceTree = "<group>"; };
		90B078E917456CB700D4E494 /* HouseStarkSigil.png */ = {isa = PBXFileReference; lastKnownFileType = image.png; path = HouseStarkSigil.png; sourceTree = "<group>"; };
		90B078EC1745717C00D4E494 /* NavigationBar.png */ = {isa = PBXFileReference; lastKnownFileType = image.png; path = NavigationBar.png; sourceTree = "<group>"; };
		90B078ED1745717C00D4E494 /* NavigationBar@2x.png */ = {isa = PBXFileReference; lastKnownFileType = image.png; path = "NavigationBar@2x.png"; sourceTree = "<group>"; };
		90B078F01745779400D4E494 /* QuartzCore.framework */ = {isa = PBXFileReference; lastKnownFileType = wrapper.framework; name = QuartzCore.framework; path = System/Library/Frameworks/QuartzCore.framework; sourceTree = SDKROOT; };
		90C588941741B24A005E16BB /* RMPersonTableViewCell.h */ = {isa = PBXFileReference; fileEncoding = 4; lastKnownFileType = sourcecode.c.h; path = RMPersonTableViewCell.h; sourceTree = "<group>"; };
		90C588951741B24A005E16BB /* RMPersonTableViewCell.m */ = {isa = PBXFileReference; fileEncoding = 4; lastKnownFileType = sourcecode.c.objc; path = RMPersonTableViewCell.m; sourceTree = "<group>"; };
/* End PBXFileReference section */

/* Begin PBXFrameworksBuildPhase section */
		900D154D1661ABEC00900B59 /* Frameworks */ = {
			isa = PBXFrameworksBuildPhase;
			buildActionMask = 2147483647;
			files = (
				90B078F11745779400D4E494 /* QuartzCore.framework in Frameworks */,
				900D15551661ABEC00900B59 /* UIKit.framework in Frameworks */,
				900D15571661ABEC00900B59 /* Foundation.framework in Frameworks */,
				900D15591661ABEC00900B59 /* CoreGraphics.framework in Frameworks */,
			);
			runOnlyForDeploymentPostprocessing = 0;
		};
/* End PBXFrameworksBuildPhase section */

/* Begin PBXGroup section */
		900D15451661ABEC00900B59 = {
			isa = PBXGroup;
			children = (
				900D155A1661ABEC00900B59 /* RMSwipeTableView */,
				900D15531661ABEC00900B59 /* Frameworks */,
				900D15511661ABEC00900B59 /* Products */,
			);
			sourceTree = "<group>";
		};
		900D15511661ABEC00900B59 /* Products */ = {
			isa = PBXGroup;
			children = (
				900D15501661ABEC00900B59 /* RMSwipeTableView.app */,
			);
			name = Products;
			sourceTree = "<group>";
		};
		900D15531661ABEC00900B59 /* Frameworks */ = {
			isa = PBXGroup;
			children = (
				90B078F01745779400D4E494 /* QuartzCore.framework */,
				900D15541661ABEC00900B59 /* UIKit.framework */,
				900D15561661ABEC00900B59 /* Foundation.framework */,
				900D15581661ABEC00900B59 /* CoreGraphics.framework */,
			);
			name = Frameworks;
			sourceTree = "<group>";
		};
		900D155A1661ABEC00900B59 /* RMSwipeTableView */ = {
			isa = PBXGroup;
			children = (
				900D15631661ABEC00900B59 /* RMAppDelegate.h */,
				900D15641661ABEC00900B59 /* RMAppDelegate.m */,
				900724A41746437C00803D25 /* RMSecondViewController.h */,
				900724A51746437C00803D25 /* RMSecondViewController.m */,
				900D15711661AC7B00900B59 /* RMSwipeTableViewController.h */,
				900D15721661AC7B00900B59 /* RMSwipeTableViewController.m */,
				90C588941741B24A005E16BB /* RMPersonTableViewCell.h */,
				90C588951741B24A005E16BB /* RMPersonTableViewCell.m */,
				900D15741661ACB200900B59 /* RMSwipeTableViewCell.h */,
				900D15751661ACB200900B59 /* RMSwipeTableViewCell.m */,
				900724951746422E00803D25 /* RMMenuController.h */,
				900724961746422E00803D25 /* RMMenuController.m */,
				900724971746422E00803D25 /* RMMenuBarSliderView.h */,
				900724941746422E00803D25 /* RMMenuBarSliderView.m */,
				9007249E174642BF00803D25 /* FTWButton.h */,
				9007249F174642BF00803D25 /* FTWButton.m */,
				900724A1174642DA00803D25 /* SKInnerShadowLayer.h */,
				900724A2174642DA00803D25 /* SKInnerShadowLayer.m */,
				900D155B1661ABEC00900B59 /* Supporting Files */,
			);
			path = RMSwipeTableView;
			sourceTree = "<group>";
		};
		900D155B1661ABEC00900B59 /* Supporting Files */ = {
			isa = PBXGroup;
			children = (
				900D155C1661ABEC00900B59 /* RMSwipeTableView-Info.plist */,
				900D155D1661ABEC00900B59 /* InfoPlist.strings */,
				900D15601661ABEC00900B59 /* main.m */,
				900D15621661ABEC00900B59 /* RMSwipeTableView-Prefix.pch */,
				900D15661661ABEC00900B59 /* Default.png */,
				900D15681661ABEC00900B59 /* Default@2x.png */,
				900D156A1661ABEC00900B59 /* Default-568h@2x.png */,
				90B078C81745580600D4E494 /* jaime.png */,
				90B078C91745580600D4E494 /* jaime@2x.png */,
				90B078CA1745580600D4E494 /* joffrey.png */,
				90B078CB1745580600D4E494 /* joffrey@2x.png */,
				90B078CE1745580600D4E494 /* tywin.png */,
				90B078CC1745580600D4E494 /* tywin@2x.png */,
				90B078CD1745580600D4E494 /* cersei@2x.png */,
				90B078CF1745580600D4E494 /* cersei.png */,
				90B078D01745580600D4E494 /* tyrion@2x.png */,
				90B078D11745580600D4E494 /* tyrion.png */,
				90B078E41745683F00D4E494 /* NavBarButton.png */,
				90B078E51745683F00D4E494 /* NavBarButtonPressed.png */,
				90B078E0174567DD00D4E494 /* NavBarButton@2x.png */,
				90B078E1174567DD00D4E494 /* NavBarButtonPressed@2x.png */,
				90B078E817456CB700D4E494 /* HouseStarkSigil@2x.png */,
				90B078E917456CB700D4E494 /* HouseStarkSigil.png */,
				90B078EC1745717C00D4E494 /* NavigationBar.png */,
				90B078ED1745717C00D4E494 /* NavigationBar@2x.png */,
				9007247C1745D83B00803D25 /* CheckmarkGrey@2x.png */,
				9007247D1745D83B00803D25 /* CheckmarkGreen.png */,
				9007247E1745D83B00803D25 /* CheckmarkGreen@2x.png */,
				9007247F1745D83B00803D25 /* CheckmarkGrey.png */,
				900724841745EDC100803D25 /* CheckmarkProfileImage.png */,
				900724851745EDC100803D25 /* CheckmarkProfileImage@2x.png */,
				900724881745F6B200803D25 /* DeleteGrey@2x.png */,
				900724891745F6B200803D25 /* DeleteRed.png */,
				9007248A1745F6B200803D25 /* DeleteRed@2x.png */,
				9007248B1745F6B200803D25 /* DeleteGrey.png */,
				900724981746422E00803D25 /* sliderHandle@2x.png */,
				900724991746422E00803D25 /* sliderBar@2x.png */,
			);
			name = "Supporting Files";
			sourceTree = "<group>";
		};
/* End PBXGroup section */

/* Begin PBXNativeTarget section */
		900D154F1661ABEC00900B59 /* RMSwipeTableView */ = {
			isa = PBXNativeTarget;
			buildConfigurationList = 900D156E1661ABEC00900B59 /* Build configuration list for PBXNativeTarget "RMSwipeTableView" */;
			buildPhases = (
				900D154C1661ABEC00900B59 /* Sources */,
				900D154D1661ABEC00900B59 /* Frameworks */,
				900D154E1661ABEC00900B59 /* Resources */,
			);
			buildRules = (
			);
			dependencies = (
			);
			name = RMSwipeTableView;
			productName = RMSwipeTableView;
			productReference = 900D15501661ABEC00900B59 /* RMSwipeTableView.app */;
			productType = "com.apple.product-type.application";
		};
/* End PBXNativeTarget section */

/* Begin PBXProject section */
		900D15471661ABEC00900B59 /* Project object */ = {
			isa = PBXProject;
			attributes = {
				CLASSPREFIX = RM;
				LastUpgradeCheck = 0450;
				ORGANIZATIONNAME = "The App Boutique";
			};
			buildConfigurationList = 900D154A1661ABEC00900B59 /* Build configuration list for PBXProject "RMSwipeTableView" */;
			compatibilityVersion = "Xcode 3.2";
			developmentRegion = English;
			hasScannedForEncodings = 0;
			knownRegions = (
				en,
			);
			mainGroup = 900D15451661ABEC00900B59;
			productRefGroup = 900D15511661ABEC00900B59 /* Products */;
			projectDirPath = "";
			projectRoot = "";
			targets = (
				900D154F1661ABEC00900B59 /* RMSwipeTableView */,
			);
		};
/* End PBXProject section */

/* Begin PBXResourcesBuildPhase section */
		900D154E1661ABEC00900B59 /* Resources */ = {
			isa = PBXResourcesBuildPhase;
			buildActionMask = 2147483647;
			files = (
				900D155F1661ABEC00900B59 /* InfoPlist.strings in Resources */,
				900D15671661ABEC00900B59 /* Default.png in Resources */,
				900D15691661ABEC00900B59 /* Default@2x.png in Resources */,
				900D156B1661ABEC00900B59 /* Default-568h@2x.png in Resources */,
				90B078D21745580600D4E494 /* jaime.png in Resources */,
				90B078D31745580600D4E494 /* jaime@2x.png in Resources */,
				90B078D41745580600D4E494 /* joffrey.png in Resources */,
				90B078D51745580600D4E494 /* joffrey@2x.png in Resources */,
				90B078D61745580600D4E494 /* tywin@2x.png in Resources */,
				90B078D71745580600D4E494 /* cersei@2x.png in Resources */,
				90B078D81745580600D4E494 /* tywin.png in Resources */,
				90B078D91745580600D4E494 /* cersei.png in Resources */,
				90B078DA1745580600D4E494 /* tyrion@2x.png in Resources */,
				90B078DB1745580600D4E494 /* tyrion.png in Resources */,
				90B078E2174567DD00D4E494 /* NavBarButton@2x.png in Resources */,
				90B078E3174567DD00D4E494 /* NavBarButtonPressed@2x.png in Resources */,
				90B078E61745683F00D4E494 /* NavBarButton.png in Resources */,
				90B078E71745683F00D4E494 /* NavBarButtonPressed.png in Resources */,
				90B078EA17456CB700D4E494 /* HouseStarkSigil@2x.png in Resources */,
				90B078EB17456CB700D4E494 /* HouseStarkSigil.png in Resources */,
				90B078EE1745717C00D4E494 /* NavigationBar.png in Resources */,
				90B078EF1745717C00D4E494 /* NavigationBar@2x.png in Resources */,
				900724801745D83B00803D25 /* CheckmarkGrey@2x.png in Resources */,
				900724811745D83B00803D25 /* CheckmarkGreen.png in Resources */,
				900724821745D83B00803D25 /* CheckmarkGreen@2x.png in Resources */,
				900724831745D83B00803D25 /* CheckmarkGrey.png in Resources */,
				900724861745EDC100803D25 /* CheckmarkProfileImage.png in Resources */,
				900724871745EDC100803D25 /* CheckmarkProfileImage@2x.png in Resources */,
				9007248C1745F6B200803D25 /* DeleteGrey@2x.png in Resources */,
				9007248D1745F6B200803D25 /* DeleteRed.png in Resources */,
				9007248E1745F6B200803D25 /* DeleteRed@2x.png in Resources */,
				9007248F1745F6B200803D25 /* DeleteGrey.png in Resources */,
				9007249C1746422E00803D25 /* sliderHandle@2x.png in Resources */,
				9007249D1746422E00803D25 /* sliderBar@2x.png in Resources */,
			);
			runOnlyForDeploymentPostprocessing = 0;
		};
/* End PBXResourcesBuildPhase section */

/* Begin PBXSourcesBuildPhase section */
		900D154C1661ABEC00900B59 /* Sources */ = {
			isa = PBXSourcesBuildPhase;
			buildActionMask = 2147483647;
			files = (
				900D15611661ABEC00900B59 /* main.m in Sources */,
				900D15651661ABEC00900B59 /* RMAppDelegate.m in Sources */,
				900D15731661AC7B00900B59 /* RMSwipeTableViewController.m in Sources */,
				900D15761661ACB200900B59 /* RMSwipeTableViewCell.m in Sources */,
				90C588961741B24A005E16BB /* RMPersonTableViewCell.m in Sources */,
				9007249A1746422E00803D25 /* RMMenuBarSliderView.m in Sources */,
				9007249B1746422E00803D25 /* RMMenuController.m in Sources */,
				900724A0174642BF00803D25 /* FTWButton.m in Sources */,
				900724A3174642DA00803D25 /* SKInnerShadowLayer.m in Sources */,
				900724A61746437C00803D25 /* RMSecondViewController.m in Sources */,
			);
			runOnlyForDeploymentPostprocessing = 0;
		};
/* End PBXSourcesBuildPhase section */

/* Begin PBXVariantGroup section */
		900D155D1661ABEC00900B59 /* InfoPlist.strings */ = {
			isa = PBXVariantGroup;
			children = (
				900D155E1661ABEC00900B59 /* en */,
			);
			name = InfoPlist.strings;
			sourceTree = "<group>";
		};
/* End PBXVariantGroup section */

/* Begin XCBuildConfiguration section */
		900D156C1661ABEC00900B59 /* Debug */ = {
			isa = XCBuildConfiguration;
			buildSettings = {
				ALWAYS_SEARCH_USER_PATHS = NO;
				CLANG_CXX_LANGUAGE_STANDARD = "gnu++0x";
				CLANG_CXX_LIBRARY = "libc++";
				CLANG_ENABLE_OBJC_ARC = YES;
				CLANG_WARN_EMPTY_BODY = YES;
				CLANG_WARN__DUPLICATE_METHOD_MATCH = YES;
				"CODE_SIGN_IDENTITY[sdk=iphoneos*]" = "iPhone Developer";
				COPY_PHASE_STRIP = NO;
				GCC_C_LANGUAGE_STANDARD = gnu99;
				GCC_DYNAMIC_NO_PIC = NO;
				GCC_OPTIMIZATION_LEVEL = 0;
				GCC_PREPROCESSOR_DEFINITIONS = (
					"DEBUG=1",
					"$(inherited)",
				);
				GCC_SYMBOLS_PRIVATE_EXTERN = NO;
				GCC_WARN_ABOUT_RETURN_TYPE = YES;
				GCC_WARN_UNINITIALIZED_AUTOS = YES;
				GCC_WARN_UNUSED_VARIABLE = YES;
				IPHONEOS_DEPLOYMENT_TARGET = 6.0;
				ONLY_ACTIVE_ARCH = YES;
				SDKROOT = iphoneos;
			};
			name = Debug;
		};
		900D156D1661ABEC00900B59 /* Release */ = {
			isa = XCBuildConfiguration;
			buildSettings = {
				ALWAYS_SEARCH_USER_PATHS = NO;
				CLANG_CXX_LANGUAGE_STANDARD = "gnu++0x";
				CLANG_CXX_LIBRARY = "libc++";
				CLANG_ENABLE_OBJC_ARC = YES;
				CLANG_WARN_EMPTY_BODY = YES;
				CLANG_WARN__DUPLICATE_METHOD_MATCH = YES;
				"CODE_SIGN_IDENTITY[sdk=iphoneos*]" = "iPhone Developer";
				COPY_PHASE_STRIP = YES;
				GCC_C_LANGUAGE_STANDARD = gnu99;
				GCC_WARN_ABOUT_RETURN_TYPE = YES;
				GCC_WARN_UNINITIALIZED_AUTOS = YES;
				GCC_WARN_UNUSED_VARIABLE = YES;
				IPHONEOS_DEPLOYMENT_TARGET = 6.0;
				OTHER_CFLAGS = "-DNS_BLOCK_ASSERTIONS=1";
				SDKROOT = iphoneos;
				VALIDATE_PRODUCT = YES;
			};
			name = Release;
		};
		900D156F1661ABEC00900B59 /* Debug */ = {
			isa = XCBuildConfiguration;
			buildSettings = {
				GCC_PRECOMPILE_PREFIX_HEADER = YES;
				GCC_PREFIX_HEADER = "RMSwipeTableView/RMSwipeTableView-Prefix.pch";
				INFOPLIST_FILE = "RMSwipeTableView/RMSwipeTableView-Info.plist";
				PRODUCT_NAME = "$(TARGET_NAME)";
				WRAPPER_EXTENSION = app;
			};
			name = Debug;
		};
		900D15701661ABEC00900B59 /* Release */ = {
			isa = XCBuildConfiguration;
			buildSettings = {
				GCC_PRECOMPILE_PREFIX_HEADER = YES;
				GCC_PREFIX_HEADER = "RMSwipeTableView/RMSwipeTableView-Prefix.pch";
				INFOPLIST_FILE = "RMSwipeTableView/RMSwipeTableView-Info.plist";
				PRODUCT_NAME = "$(TARGET_NAME)";
				WRAPPER_EXTENSION = app;
			};
			name = Release;
		};
/* End XCBuildConfiguration section */

/* Begin XCConfigurationList section */
		900D154A1661ABEC00900B59 /* Build configuration list for PBXProject "RMSwipeTableView" */ = {
			isa = XCConfigurationList;
			buildConfigurations = (
				900D156C1661ABEC00900B59 /* Debug */,
				900D156D1661ABEC00900B59 /* Release */,
			);
			defaultConfigurationIsVisible = 0;
			defaultConfigurationName = Release;
		};
		900D156E1661ABEC00900B59 /* Build configuration list for PBXNativeTarget "RMSwipeTableView" */ = {
			isa = XCConfigurationList;
			buildConfigurations = (
				900D156F1661ABEC00900B59 /* Debug */,
				900D15701661ABEC00900B59 /* Release */,
			);
			defaultConfigurationIsVisible = 0;
			defaultConfigurationName = Release;
		};
/* End XCConfigurationList section */
	};
	rootObject = 900D15471661ABEC00900B59 /* Project object */;
}
